
Microsoft Visual Studio Solution File, Format Version 12.00
# Visual Studio 2013
VisualStudioVersion = 12.0.21005.1
MinimumVisualStudioVersion = 10.0.40219.1
Project("{8BC9CEB8-8B4A-11D0-8D11-00A0C91BC942}") = "loopt", "proj\loopt\loopt.vcxproj", "{24364508-415A-43BE-8CFE-2324378BBEB6}"
EndProject
Project("{2150E333-8FDC-42A3-9474-1A3956D46DE8}") = "libwebp", "libwebp", "{CAD534E0-AC9F-4293-B214-3BEC0135A762}"
EndProject
Project("{8BC9CEB8-8B4A-11D0-8D11-00A0C91BC942}") = "libwebp", "proj\libwebp\libwebp.vcxproj", "{8F8FBCD9-2D5D-4C45-AD32-AE6CB2F59222}"
EndProject
Project("{8BC9CEB8-8B4A-11D0-8D11-00A0C91BC942}") = "dec", "proj\libwebp\dec.vcxproj", "{FF80027A-0057-4EB1-AB00-D17BBAC15208}"
EndProject
Project("{8BC9CEB8-8B4A-11D0-8D11-00A0C91BC942}") = "enc", "proj\libwebp\enc.vcxproj", "{FC6F00FF-0FFC-45AB-9B5E-D63D1EA37CDC}"
EndProject
Project("{8BC9CEB8-8B4A-11D0-8D11-00A0C91BC942}") = "utils", "proj\libwebp\utils.vcxproj", "{429A1CB8-B00C-47D4-BC2C-0AFBC3530788}"
EndProject
Project("{8BC9CEB8-8B4A-11D0-8D11-00A0C91BC942}") = "dsp", "proj\libwebp\dsp.vcxproj", "{86F11957-B91B-45BA-8F00-1B97E69ED644}"
EndProject
Project("{2150E333-8FDC-42A3-9474-1A3956D46DE8}") = "externals", "externals", "{F2CB1D33-C865-47EB-A8C9-7D6AD0D3E57C}"
EndProject
Project("{8BC9CEB8-8B4A-11D0-8D11-00A0C91BC942}") = "libwebpdecoder", "proj\libwebp\libwebpdecoder.vcxproj", "{9C4006F6-914D-4FAB-BCD0-075E8BD0EAEA}"
EndProject
Project("{8BC9CEB8-8B4A-11D0-8D11-00A0C91BC942}") = "cwebp", "proj\libwebp\cwebp.vcxproj", "{F7AB0336-E2BE-465F-8D95-37D7149BF440}"
EndProject
Project("{8BC9CEB8-8B4A-11D0-8D11-00A0C91BC942}") = "dwebp", "proj\libwebp\dwebp.vcxproj", "{A726CA0F-27CA-4433-A925-F25DE7B9B46A}"
EndProject
Global
	GlobalSection(SolutionConfigurationPlatforms) = preSolution
		Debug|x64 = Debug|x64
		Release|x64 = Release|x64
	EndGlobalSection
	GlobalSection(ProjectConfigurationPlatforms) = postSolution
		{24364508-415A-43BE-8CFE-2324378BBEB6}.Debug|x64.ActiveCfg = Debug|x64
		{24364508-415A-43BE-8CFE-2324378BBEB6}.Debug|x64.Build.0 = Debug|x64
		{24364508-415A-43BE-8CFE-2324378BBEB6}.Release|x64.ActiveCfg = Release|x64
		{24364508-415A-43BE-8CFE-2324378BBEB6}.Release|x64.Build.0 = Release|x64
		{8F8FBCD9-2D5D-4C45-AD32-AE6CB2F59222}.Debug|x64.ActiveCfg = Debug|x64
		{8F8FBCD9-2D5D-4C45-AD32-AE6CB2F59222}.Debug|x64.Build.0 = Debug|x64
		{8F8FBCD9-2D5D-4C45-AD32-AE6CB2F59222}.Release|x64.ActiveCfg = Release|x64
		{8F8FBCD9-2D5D-4C45-AD32-AE6CB2F59222}.Release|x64.Build.0 = Release|x64
		{FF80027A-0057-4EB1-AB00-D17BBAC15208}.Debug|x64.ActiveCfg = Debug|x64
		{FF80027A-0057-4EB1-AB00-D17BBAC15208}.Debug|x64.Build.0 = Debug|x64
		{FF80027A-0057-4EB1-AB00-D17BBAC15208}.Release|x64.ActiveCfg = Release|x64
		{FF80027A-0057-4EB1-AB00-D17BBAC15208}.Release|x64.Build.0 = Release|x64
		{FC6F00FF-0FFC-45AB-9B5E-D63D1EA37CDC}.Debug|x64.ActiveCfg = Debug|x64
		{FC6F00FF-0FFC-45AB-9B5E-D63D1EA37CDC}.Debug|x64.Build.0 = Debug|x64
		{FC6F00FF-0FFC-45AB-9B5E-D63D1EA37CDC}.Release|x64.ActiveCfg = Release|x64
		{FC6F00FF-0FFC-45AB-9B5E-D63D1EA37CDC}.Release|x64.Build.0 = Release|x64
		{429A1CB8-B00C-47D4-BC2C-0AFBC3530788}.Debug|x64.ActiveCfg = Debug|x64
		{429A1CB8-B00C-47D4-BC2C-0AFBC3530788}.Debug|x64.Build.0 = Debug|x64
		{429A1CB8-B00C-47D4-BC2C-0AFBC3530788}.Release|x64.ActiveCfg = Release|x64
		{429A1CB8-B00C-47D4-BC2C-0AFBC3530788}.Release|x64.Build.0 = Release|x64
		{86F11957-B91B-45BA-8F00-1B97E69ED644}.Debug|x64.ActiveCfg = Debug|x64
		{86F11957-B91B-45BA-8F00-1B97E69ED644}.Debug|x64.Build.0 = Debug|x64
		{86F11957-B91B-45BA-8F00-1B97E69ED644}.Release|x64.ActiveCfg = Release|x64
		{86F11957-B91B-45BA-8F00-1B97E69ED644}.Release|x64.Build.0 = Release|x64
		{9C4006F6-914D-4FAB-BCD0-075E8BD0EAEA}.Debug|x64.ActiveCfg = Debug|x64
		{9C4006F6-914D-4FAB-BCD0-075E8BD0EAEA}.Debug|x64.Build.0 = Debug|x64
		{9C4006F6-914D-4FAB-BCD0-075E8BD0EAEA}.Release|x64.ActiveCfg = Release|x64
		{9C4006F6-914D-4FAB-BCD0-075E8BD0EAEA}.Release|x64.Build.0 = Release|x64
		{F7AB0336-E2BE-465F-8D95-37D7149BF440}.Debug|x64.ActiveCfg = Debug|x64
		{F7AB0336-E2BE-465F-8D95-37D7149BF440}.Debug|x64.Build.0 = Debug|x64
		{F7AB0336-E2BE-465F-8D95-37D7149BF440}.Release|x64.ActiveCfg = Release|x64
		{F7AB0336-E2BE-465F-8D95-37D7149BF440}.Release|x64.Build.0 = Release|x64
		{A726CA0F-27CA-4433-A925-F25DE7B9B46A}.Debug|x64.ActiveCfg = Debug|x64
		{A726CA0F-27CA-4433-A925-F25DE7B9B46A}.Debug|x64.Build.0 = Debug|x64
		{A726CA0F-27CA-4433-A925-F25DE7B9B46A}.Release|x64.ActiveCfg = Release|x64
		{A726CA0F-27CA-4433-A925-F25DE7B9B46A}.Release|x64.Build.0 = Release|x64
	EndGlobalSection
	GlobalSection(SolutionProperties) = preSolution
		HideSolutionNode = FALSE
	EndGlobalSection
	GlobalSection(NestedProjects) = preSolution
		{8F8FBCD9-2D5D-4C45-AD32-AE6CB2F59222} = {CAD534E0-AC9F-4293-B214-3BEC0135A762}
		{FF80027A-0057-4EB1-AB00-D17BBAC15208} = {CAD534E0-AC9F-4293-B214-3BEC0135A762}
		{FC6F00FF-0FFC-45AB-9B5E-D63D1EA37CDC} = {CAD534E0-AC9F-4293-B214-3BEC0135A762}
		{429A1CB8-B00C-47D4-BC2C-0AFBC3530788} = {CAD534E0-AC9F-4293-B214-3BEC0135A762}
		{86F11957-B91B-45BA-8F00-1B97E69ED644} = {CAD534E0-AC9F-4293-B214-3BEC0135A762}
		{9C4006F6-914D-4FAB-BCD0-075E8BD0EAEA} = {CAD534E0-AC9F-4293-B214-3BEC0135A762}
		{F7AB0336-E2BE-465F-8D95-37D7149BF440} = {CAD534E0-AC9F-4293-B214-3BEC0135A762}
		{A726CA0F-27CA-4433-A925-F25DE7B9B46A} = {CAD534E0-AC9F-4293-B214-3BEC0135A762}
		{CAD534E0-AC9F-4293-B214-3BEC0135A762} = {F2CB1D33-C865-47EB-A8C9-7D6AD0D3E57C}
	EndGlobalSection
EndGlobal
